// !$*UTF8*$!
{
	archiveVersion = 1;
	classes = {
	};
	objectVersion = 56;
	objects = {

/* Begin PBXBuildFile section */
		AB2EF1C22B08DDE100B9B7FC /* EalthApp.swift in Sources */ = {isa = PBXBuildFile; fileRef = AB2EF1C12B08DDE100B9B7FC /* EalthApp.swift */; };
		AB2EF1C42B08DDE100B9B7FC /* ContentView.swift in Sources */ = {isa = PBXBuildFile; fileRef = AB2EF1C32B08DDE100B9B7FC /* ContentView.swift */; };
		AB2EF1C62B08DDE200B9B7FC /* Assets.xcassets in Resources */ = {isa = PBXBuildFile; fileRef = AB2EF1C52B08DDE200B9B7FC /* Assets.xcassets */; };
		AB2EF1C92B08DDE200B9B7FC /* Preview Assets.xcassets in Resources */ = {isa = PBXBuildFile; fileRef = AB2EF1C82B08DDE200B9B7FC /* Preview Assets.xcassets */; };
		AB2EF1D32B08DDE200B9B7FC /* EalthTests.swift in Sources */ = {isa = PBXBuildFile; fileRef = AB2EF1D22B08DDE200B9B7FC /* EalthTests.swift */; };
		AB2EF1DD2B08DDE200B9B7FC /* EalthUITests.swift in Sources */ = {isa = PBXBuildFile; fileRef = AB2EF1DC2B08DDE200B9B7FC /* EalthUITests.swift */; };
		AB2EF1DF2B08DDE200B9B7FC /* EalthUITestsLaunchTests.swift in Sources */ = {isa = PBXBuildFile; fileRef = AB2EF1DE2B08DDE200B9B7FC /* EalthUITestsLaunchTests.swift */; };
		ABD058AD2B0B6521001507DC /* MedicationsView.swift in Sources */ = {isa = PBXBuildFile; fileRef = ABD058AC2B0B6521001507DC /* MedicationsView.swift */; };
		ABD058AF2B0B668A001507DC /* MedicationModel.swift in Sources */ = {isa = PBXBuildFile; fileRef = ABD058AE2B0B668A001507DC /* MedicationModel.swift */; };
/* End PBXBuildFile section */

/* Begin PBXContainerItemProxy section */
		AB2EF1CF2B08DDE200B9B7FC /* PBXContainerItemProxy */ = {
			isa = PBXContainerItemProxy;
			containerPortal = AB2EF1B62B08DDE100B9B7FC /* Project object */;
			proxyType = 1;
			remoteGlobalIDString = AB2EF1BD2B08DDE100B9B7FC;
			remoteInfo = Ealth;
		};
		AB2EF1D92B08DDE200B9B7FC /* PBXContainerItemProxy */ = {
			isa = PBXContainerItemProxy;
			containerPortal = AB2EF1B62B08DDE100B9B7FC /* Project object */;
			proxyType = 1;
			remoteGlobalIDString = AB2EF1BD2B08DDE100B9B7FC;
			remoteInfo = Ealth;
		};
/* End PBXContainerItemProxy section */

/* Begin PBXFileReference section */
		AB2EF1BE2B08DDE100B9B7FC /* Ealth.app */ = {isa = PBXFileReference; explicitFileType = wrapper.application; includeInIndex = 0; path = Ealth.app; sourceTree = BUILT_PRODUCTS_DIR; };
		AB2EF1C12B08DDE100B9B7FC /* EalthApp.swift */ = {isa = PBXFileReference; lastKnownFileType = sourcecode.swift; path = EalthApp.swift; sourceTree = "<group>"; };
		AB2EF1C32B08DDE100B9B7FC /* ContentView.swift */ = {isa = PBXFileReference; lastKnownFileType = sourcecode.swift; path = ContentView.swift; sourceTree = "<group>"; };
		AB2EF1C52B08DDE200B9B7FC /* Assets.xcassets */ = {isa = PBXFileReference; lastKnownFileType = folder.assetcatalog; path = Assets.xcassets; sourceTree = "<group>"; };
		AB2EF1C82B08DDE200B9B7FC /* Preview Assets.xcassets */ = {isa = PBXFileReference; lastKnownFileType = folder.assetcatalog; path = "Preview Assets.xcassets"; sourceTree = "<group>"; };
		AB2EF1CE2B08DDE200B9B7FC /* EalthTests.xctest */ = {isa = PBXFileReference; explicitFileType = wrapper.cfbundle; includeInIndex = 0; path = EalthTests.xctest; sourceTree = BUILT_PRODUCTS_DIR; };
		AB2EF1D22B08DDE200B9B7FC /* EalthTests.swift */ = {isa = PBXFileReference; lastKnownFileType = sourcecode.swift; path = EalthTests.swift; sourceTree = "<group>"; };
		AB2EF1D82B08DDE200B9B7FC /* EalthUITests.xctest */ = {isa = PBXFileReference; explicitFileType = wrapper.cfbundle; includeInIndex = 0; path = EalthUITests.xctest; sourceTree = BUILT_PRODUCTS_DIR; };
		AB2EF1DC2B08DDE200B9B7FC /* EalthUITests.swift */ = {isa = PBXFileReference; lastKnownFileType = sourcecode.swift; path = EalthUITests.swift; sourceTree = "<group>"; };
		AB2EF1DE2B08DDE200B9B7FC /* EalthUITestsLaunchTests.swift */ = {isa = PBXFileReference; lastKnownFileType = sourcecode.swift; path = EalthUITestsLaunchTests.swift; sourceTree = "<group>"; };
		ABD058AC2B0B6521001507DC /* MedicationsView.swift */ = {isa = PBXFileReference; lastKnownFileType = sourcecode.swift; path = MedicationsView.swift; sourceTree = "<group>"; };
		ABD058AE2B0B668A001507DC /* MedicationModel.swift */ = {isa = PBXFileReference; lastKnownFileType = sourcecode.swift; path = MedicationModel.swift; sourceTree = "<group>"; };
/* End PBXFileReference section */

/* Begin PBXFrameworksBuildPhase section */
		AB2EF1BB2B08DDE100B9B7FC /* Frameworks */ = {
			isa = PBXFrameworksBuildPhase;
			buildActionMask = 2147483647;
			files = (
			);
			runOnlyForDeploymentPostprocessing = 0;
		};
		AB2EF1CB2B08DDE200B9B7FC /* Frameworks */ = {
			isa = PBXFrameworksBuildPhase;
			buildActionMask = 2147483647;
			files = (
			);
			runOnlyForDeploymentPostprocessing = 0;
		};
		AB2EF1D52B08DDE200B9B7FC /* Frameworks */ = {
			isa = PBXFrameworksBuildPhase;
			buildActionMask = 2147483647;
			files = (
			);
			runOnlyForDeploymentPostprocessing = 0;
		};
/* End PBXFrameworksBuildPhase section */

/* Begin PBXGroup section */
		AB2EF1B52B08DDE100B9B7FC = {
			isa = PBXGroup;
			children = (
				AB2EF1C02B08DDE100B9B7FC /* Ealth */,
				AB2EF1D12B08DDE200B9B7FC /* EalthTests */,
				AB2EF1DB2B08DDE200B9B7FC /* EalthUITests */,
				AB2EF1BF2B08DDE100B9B7FC /* Products */,
			);
			sourceTree = "<group>";
		};
		AB2EF1BF2B08DDE100B9B7FC /* Products */ = {
			isa = PBXGroup;
			children = (
				AB2EF1BE2B08DDE100B9B7FC /* Ealth.app */,
				AB2EF1CE2B08DDE200B9B7FC /* EalthTests.xctest */,
				AB2EF1D82B08DDE200B9B7FC /* EalthUITests.xctest */,
			);
			name = Products;
			sourceTree = "<group>";
		};
		AB2EF1C02B08DDE100B9B7FC /* Ealth */ = {
			isa = PBXGroup;
			children = (
				AB2EF1C12B08DDE100B9B7FC /* EalthApp.swift */,
				AB2EF1C32B08DDE100B9B7FC /* ContentView.swift */,
				ABD058AC2B0B6521001507DC /* MedicationsView.swift */,
				ABD058AE2B0B668A001507DC /* MedicationModel.swift */,
				AB2EF1C52B08DDE200B9B7FC /* Assets.xcassets */,
				AB2EF1C72B08DDE200B9B7FC /* Preview Content */,
			);
			path = Ealth;
			sourceTree = "<group>";
		};
		AB2EF1C72B08DDE200B9B7FC /* Preview Content */ = {
			isa = PBXGroup;
			children = (
				AB2EF1C82B08DDE200B9B7FC /* Preview Assets.xcassets */,
			);
			path = "Preview Content";
			sourceTree = "<group>";
		};
		AB2EF1D12B08DDE200B9B7FC /* EalthTests */ = {
			isa = PBXGroup;
			children = (
				AB2EF1D22B08DDE200B9B7FC /* EalthTests.swift */,
			);
			path = EalthTests;
			sourceTree = "<group>";
		};
		AB2EF1DB2B08DDE200B9B7FC /* EalthUITests */ = {
			isa = PBXGroup;
			children = (
				AB2EF1DC2B08DDE200B9B7FC /* EalthUITests.swift */,
				AB2EF1DE2B08DDE200B9B7FC /* EalthUITestsLaunchTests.swift */,
			);
			path = EalthUITests;
			sourceTree = "<group>";
		};
/* End PBXGroup section */

/* Begin PBXNativeTarget section */
		AB2EF1BD2B08DDE100B9B7FC /* Ealth */ = {
			isa = PBXNativeTarget;
			buildConfigurationList = AB2EF1E22B08DDE200B9B7FC /* Build configuration list for PBXNativeTarget "Ealth" */;
			buildPhases = (
				AB2EF1BA2B08DDE100B9B7FC /* Sources */,
				AB2EF1BB2B08DDE100B9B7FC /* Frameworks */,
				AB2EF1BC2B08DDE100B9B7FC /* Resources */,
			);
			buildRules = (
			);
			dependencies = (
			);
			name = Ealth;
			productName = Ealth;
			productReference = AB2EF1BE2B08DDE100B9B7FC /* Ealth.app */;
			productType = "com.apple.product-type.application";
		};
		AB2EF1CD2B08DDE200B9B7FC /* EalthTests */ = {
			isa = PBXNativeTarget;
			buildConfigurationList = AB2EF1E52B08DDE200B9B7FC /* Build configuration list for PBXNativeTarget "EalthTests" */;
			buildPhases = (
				AB2EF1CA2B08DDE200B9B7FC /* Sources */,
				AB2EF1CB2B08DDE200B9B7FC /* Frameworks */,
				AB2EF1CC2B08DDE200B9B7FC /* Resources */,
			);
			buildRules = (
			);
			dependencies = (
				AB2EF1D02B08DDE200B9B7FC /* PBXTargetDependency */,
			);
			name = EalthTests;
			productName = EalthTests;
			productReference = AB2EF1CE2B08DDE200B9B7FC /* EalthTests.xctest */;
			productType = "com.apple.product-type.bundle.unit-test";
		};
		AB2EF1D72B08DDE200B9B7FC /* EalthUITests */ = {
			isa = PBXNativeTarget;
			buildConfigurationList = AB2EF1E82B08DDE200B9B7FC /* Build configuration list for PBXNativeTarget "EalthUITests" */;
			buildPhases = (
				AB2EF1D42B08DDE200B9B7FC /* Sources */,
				AB2EF1D52B08DDE200B9B7FC /* Frameworks */,
				AB2EF1D62B08DDE200B9B7FC /* Resources */,
			);
			buildRules = (
			);
			dependencies = (
				AB2EF1DA2B08DDE200B9B7FC /* PBXTargetDependency */,
			);
			name = EalthUITests;
			productName = EalthUITests;
			productReference = AB2EF1D82B08DDE200B9B7FC /* EalthUITests.xctest */;
			productType = "com.apple.product-type.bundle.ui-testing";
		};
/* End PBXNativeTarget section */

/* Begin PBXProject section */
		AB2EF1B62B08DDE100B9B7FC /* Project object */ = {
			isa = PBXProject;
			attributes = {
				BuildIndependentTargetsInParallel = 1;
				LastSwiftUpdateCheck = 1500;
				LastUpgradeCheck = 1500;
				TargetAttributes = {
					AB2EF1BD2B08DDE100B9B7FC = {
						CreatedOnToolsVersion = 15.0;
					};
					AB2EF1CD2B08DDE200B9B7FC = {
						CreatedOnToolsVersion = 15.0;
						TestTargetID = AB2EF1BD2B08DDE100B9B7FC;
					};
					AB2EF1D72B08DDE200B9B7FC = {
						CreatedOnToolsVersion = 15.0;
						TestTargetID = AB2EF1BD2B08DDE100B9B7FC;
					};
				};
			};
			buildConfigurationList = AB2EF1B92B08DDE100B9B7FC /* Build configuration list for PBXProject "Ealth" */;
			compatibilityVersion = "Xcode 14.0";
			developmentRegion = en;
			hasScannedForEncodings = 0;
			knownRegions = (
				en,
				Base,
			);
			mainGroup = AB2EF1B52B08DDE100B9B7FC;
			productRefGroup = AB2EF1BF2B08DDE100B9B7FC /* Products */;
			projectDirPath = "";
			projectRoot = "";
			targets = (
				AB2EF1BD2B08DDE100B9B7FC /* Ealth */,
				AB2EF1CD2B08DDE200B9B7FC /* EalthTests */,
				AB2EF1D72B08DDE200B9B7FC /* EalthUITests */,
			);
		};
/* End PBXProject section */

/* Begin PBXResourcesBuildPhase section */
		AB2EF1BC2B08DDE100B9B7FC /* Resources */ = {
			isa = PBXResourcesBuildPhase;
			buildActionMask = 2147483647;
			files = (
				AB2EF1C92B08DDE200B9B7FC /* Preview Assets.xcassets in Resources */,
				AB2EF1C62B08DDE200B9B7FC /* Assets.xcassets in Resources */,
			);
			runOnlyForDeploymentPostprocessing = 0;
		};
		AB2EF1CC2B08DDE200B9B7FC /* Resources */ = {
			isa = PBXResourcesBuildPhase;
			buildActionMask = 2147483647;
			files = (
			);
			runOnlyForDeploymentPostprocessing = 0;
		};
		AB2EF1D62B08DDE200B9B7FC /* Resources */ = {
			isa = PBXResourcesBuildPhase;
			buildActionMask = 2147483647;
			files = (
			);
			runOnlyForDeploymentPostprocessing = 0;
		};
/* End PBXResourcesBuildPhase section */

/* Begin PBXSourcesBuildPhase section */
		AB2EF1BA2B08DDE100B9B7FC /* Sources */ = {
			isa = PBXSourcesBuildPhase;
			buildActionMask = 2147483647;
			files = (
				ABD058AD2B0B6521001507DC /* MedicationsView.swift in Sources */,
				AB2EF1C42B08DDE100B9B7FC /* ContentView.swift in Sources */,
				ABD058AF2B0B668A001507DC /* MedicationModel.swift in Sources */,
				AB2EF1C22B08DDE100B9B7FC /* EalthApp.swift in Sources */,
			);
			runOnlyForDeploymentPostprocessing = 0;
		};
		AB2EF1CA2B08DDE200B9B7FC /* Sources */ = {
			isa = PBXSourcesBuildPhase;
			buildActionMask = 2147483647;
			files = (
				AB2EF1D32B08DDE200B9B7FC /* EalthTests.swift in Sources */,
			);
			runOnlyForDeploymentPostprocessing = 0;
		};
		AB2EF1D42B08DDE200B9B7FC /* Sources */ = {
			isa = PBXSourcesBuildPhase;
			buildActionMask = 2147483647;
			files = (
				AB2EF1DD2B08DDE200B9B7FC /* EalthUITests.swift in Sources */,
				AB2EF1DF2B08DDE200B9B7FC /* EalthUITestsLaunchTests.swift in Sources */,
			);
			runOnlyForDeploymentPostprocessing = 0;
		};
/* End PBXSourcesBuildPhase section */

/* Begin PBXTargetDependency section */
		AB2EF1D02B08DDE200B9B7FC /* PBXTargetDependency */ = {
			isa = PBXTargetDependency;
			target = AB2EF1BD2B08DDE100B9B7FC /* Ealth */;
			targetProxy = AB2EF1CF2B08DDE200B9B7FC /* PBXContainerItemProxy */;
		};
		AB2EF1DA2B08DDE200B9B7FC /* PBXTargetDependency */ = {
			isa = PBXTargetDependency;
			target = AB2EF1BD2B08DDE100B9B7FC /* Ealth */;
			targetProxy = AB2EF1D92B08DDE200B9B7FC /* PBXContainerItemProxy */;
		};
/* End PBXTargetDependency section */

/* Begin XCBuildConfiguration section */
		AB2EF1E02B08DDE200B9B7FC /* Debug */ = {
			isa = XCBuildConfiguration;
			buildSettings = {
				ALWAYS_SEARCH_USER_PATHS = NO;
				ASSETCATALOG_COMPILER_GENERATE_SWIFT_ASSET_SYMBOL_EXTENSIONS = YES;
				CLANG_ANALYZER_NONNULL = YES;
				CLANG_ANALYZER_NUMBER_OBJECT_CONVERSION = YES_AGGRESSIVE;
				CLANG_CXX_LANGUAGE_STANDARD = "gnu++20";
				CLANG_ENABLE_MODULES = YES;
				CLANG_ENABLE_OBJC_ARC = YES;
				CLANG_ENABLE_OBJC_WEAK = YES;
				CLANG_WARN_BLOCK_CAPTURE_AUTORELEASING = YES;
				CLANG_WARN_BOOL_CONVERSION = YES;
				CLANG_WARN_COMMA = YES;
				CLANG_WARN_CONSTANT_CONVERSION = YES;
				CLANG_WARN_DEPRECATED_OBJC_IMPLEMENTATIONS = YES;
				CLANG_WARN_DIRECT_OBJC_ISA_USAGE = YES_ERROR;
				CLANG_WARN_DOCUMENTATION_COMMENTS = YES;
				CLANG_WARN_EMPTY_BODY = YES;
				CLANG_WARN_ENUM_CONVERSION = YES;
				CLANG_WARN_INFINITE_RECURSION = YES;
				CLANG_WARN_INT_CONVERSION = YES;
				CLANG_WARN_NON_LITERAL_NULL_CONVERSION = YES;
				CLANG_WARN_OBJC_IMPLICIT_RETAIN_SELF = YES;
				CLANG_WARN_OBJC_LITERAL_CONVERSION = YES;
				CLANG_WARN_OBJC_ROOT_CLASS = YES_ERROR;
				CLANG_WARN_QUOTED_INCLUDE_IN_FRAMEWORK_HEADER = YES;
				CLANG_WARN_RANGE_LOOP_ANALYSIS = YES;
				CLANG_WARN_STRICT_PROTOTYPES = YES;
				CLANG_WARN_SUSPICIOUS_MOVE = YES;
				CLANG_WARN_UNGUARDED_AVAILABILITY = YES_AGGRESSIVE;
				CLANG_WARN_UNREACHABLE_CODE = YES;
				CLANG_WARN__DUPLICATE_METHOD_MATCH = YES;
				COPY_PHASE_STRIP = NO;
				DEBUG_INFORMATION_FORMAT = dwarf;
				ENABLE_STRICT_OBJC_MSGSEND = YES;
				ENABLE_TESTABILITY = YES;
				ENABLE_USER_SCRIPT_SANDBOXING = YES;
				GCC_C_LANGUAGE_STANDARD = gnu17;
				GCC_DYNAMIC_NO_PIC = NO;
				GCC_NO_COMMON_BLOCKS = YES;
				GCC_OPTIMIZATION_LEVEL = 0;
				GCC_PREPROCESSOR_DEFINITIONS = (
					"DEBUG=1",
					"$(inherited)",
				);
				GCC_WARN_64_TO_32_BIT_CONVERSION = YES;
				GCC_WARN_ABOUT_RETURN_TYPE = YES_ERROR;
				GCC_WARN_UNDECLARED_SELECTOR = YES;
				GCC_WARN_UNINITIALIZED_AUTOS = YES_AGGRESSIVE;
				GCC_WARN_UNUSED_FUNCTION = YES;
				GCC_WARN_UNUSED_VARIABLE = YES;
				IPHONEOS_DEPLOYMENT_TARGET = 17.0;
				LOCALIZATION_PREFERS_STRING_CATALOGS = YES;
				MTL_ENABLE_DEBUG_INFO = INCLUDE_SOURCE;
				MTL_FAST_MATH = YES;
				ONLY_ACTIVE_ARCH = YES;
				SDKROOT = iphoneos;
				SWIFT_ACTIVE_COMPILATION_CONDITIONS = "DEBUG $(inherited)";
				SWIFT_OPTIMIZATION_LEVEL = "-Onone";
			};
			name = Debug;
		};
		AB2EF1E12B08DDE200B9B7FC /* Release */ = {
			isa = XCBuildConfiguration;
			buildSettings = {
				ALWAYS_SEARCH_USER_PATHS = NO;
				ASSETCATALOG_COMPILER_GENERATE_SWIFT_ASSET_SYMBOL_EXTENSIONS = YES;
				CLANG_ANALYZER_NONNULL = YES;
				CLANG_ANALYZER_NUMBER_OBJECT_CONVERSION = YES_AGGRESSIVE;
				CLANG_CXX_LANGUAGE_STANDARD = "gnu++20";
				CLANG_ENABLE_MODULES = YES;
				CLANG_ENABLE_OBJC_ARC = YES;
				CLANG_ENABLE_OBJC_WEAK = YES;
				CLANG_WARN_BLOCK_CAPTURE_AUTORELEASING = YES;
				CLANG_WARN_BOOL_CONVERSION = YES;
				CLANG_WARN_COMMA = YES;
				CLANG_WARN_CONSTANT_CONVERSION = YES;
				CLANG_WARN_DEPRECATED_OBJC_IMPLEMENTATIONS = YES;
				CLANG_WARN_DIRECT_OBJC_ISA_USAGE = YES_ERROR;
				CLANG_WARN_DOCUMENTATION_COMMENTS = YES;
				CLANG_WARN_EMPTY_BODY = YES;
				CLANG_WARN_ENUM_CONVERSION = YES;
				CLANG_WARN_INFINITE_RECURSION = YES;
				CLANG_WARN_INT_CONVERSION = YES;
				CLANG_WARN_NON_LITERAL_NULL_CONVERSION = YES;
				CLANG_WARN_OBJC_IMPLICIT_RETAIN_SELF = YES;
				CLANG_WARN_OBJC_LITERAL_CONVERSION = YES;
				CLANG_WARN_OBJC_ROOT_CLASS = YES_ERROR;
				CLANG_WARN_QUOTED_INCLUDE_IN_FRAMEWORK_HEADER = YES;
				CLANG_WARN_RANGE_LOOP_ANALYSIS = YES;
				CLANG_WARN_STRICT_PROTOTYPES = YES;
				CLANG_WARN_SUSPICIOUS_MOVE = YES;
				CLANG_WARN_UNGUARDED_AVAILABILITY = YES_AGGRESSIVE;
				CLANG_WARN_UNREACHABLE_CODE = YES;
				CLANG_WARN__DUPLICATE_METHOD_MATCH = YES;
				COPY_PHASE_STRIP = NO;
				DEBUG_INFORMATION_FORMAT = "dwarf-with-dsym";
				ENABLE_NS_ASSERTIONS = NO;
				ENABLE_STRICT_OBJC_MSGSEND = YES;
				ENABLE_USER_SCRIPT_SANDBOXING = YES;
				GCC_C_LANGUAGE_STANDARD = gnu17;
				GCC_NO_COMMON_BLOCKS = YES;
				GCC_WARN_64_TO_32_BIT_CONVERSION = YES;
				GCC_WARN_ABOUT_RETURN_TYPE = YES_ERROR;
				GCC_WARN_UNDECLARED_SELECTOR = YES;
				GCC_WARN_UNINITIALIZED_AUTOS = YES_AGGRESSIVE;
				GCC_WARN_UNUSED_FUNCTION = YES;
				GCC_WARN_UNUSED_VARIABLE = YES;
				IPHONEOS_DEPLOYMENT_TARGET = 17.0;
				LOCALIZATION_PREFERS_STRING_CATALOGS = YES;
				MTL_ENABLE_DEBUG_INFO = NO;
				MTL_FAST_MATH = YES;
				SDKROOT = iphoneos;
				SWIFT_COMPILATION_MODE = wholemodule;
				VALIDATE_PRODUCT = YES;
			};
			name = Release;
		};
		AB2EF1E32B08DDE200B9B7FC /* Debug */ = {
			isa = XCBuildConfiguration;
			buildSettings = {
				ASSETCATALOG_COMPILER_APPICON_NAME = AppIcon;
				ASSETCATALOG_COMPILER_GLOBAL_ACCENT_COLOR_NAME = AccentColor;
				CODE_SIGN_STYLE = Automatic;
				CURRENT_PROJECT_VERSION = 1;
				DEVELOPMENT_ASSET_PATHS = "\"Ealth/Preview Content\"";
				DEVELOPMENT_TEAM = 89H2482NSD;
				ENABLE_PREVIEWS = YES;
				GENERATE_INFOPLIST_FILE = YES;
				INFOPLIST_KEY_UIApplicationSceneManifest_Generation = YES;
				INFOPLIST_KEY_UIApplicationSupportsIndirectInputEvents = YES;
				INFOPLIST_KEY_UILaunchScreen_Generation = YES;
				INFOPLIST_KEY_UISupportedInterfaceOrientations_iPad = "UIInterfaceOrientationPortrait UIInterfaceOrientationPortraitUpsideDown UIInterfaceOrientationLandscapeLeft UIInterfaceOrientationLandscapeRight";
				INFOPLIST_KEY_UISupportedInterfaceOrientations_iPhone = "UIInterfaceOrientationPortrait UIInterfaceOrientationLandscapeLeft UIInterfaceOrientationLandscapeRight";
				LD_RUNPATH_SEARCH_PATHS = (
					"$(inherited)",
					"@executable_path/Frameworks",
				);
				MARKETING_VERSION = 1.0;
				PRODUCT_BUNDLE_IDENTIFIER = com.beniaminonardone.Ealth;
				PRODUCT_NAME = "$(TARGET_NAME)";
				SWIFT_EMIT_LOC_STRINGS = YES;
				SWIFT_VERSION = 5.0;
				TARGETED_DEVICE_FAMILY = "1,2";
			};
			name = Debug;
		};
		AB2EF1E42B08DDE200B9B7FC /* Release */ = {
			isa = XCBuildConfiguration;
			buildSettings = {
				ASSETCATALOG_COMPILER_APPICON_NAME = AppIcon;
				ASSETCATALOG_COMPILER_GLOBAL_ACCENT_COLOR_NAME = AccentColor;
				CODE_SIGN_STYLE = Automatic;
				CURRENT_PROJECT_VERSION = 1;
				DEVELOPMENT_ASSET_PATHS = "\"Ealth/Preview Content\"";
				DEVELOPMENT_TEAM = 89H2482NSD;
				ENABLE_PREVIEWS = YES;
				GENERATE_INFOPLIST_FILE = YES;
				INFOPLIST_KEY_UIApplicationSceneManifest_Generation = YES;
				INFOPLIST_KEY_UIApplicationSupportsIndirectInputEvents = YES;
				INFOPLIST_KEY_UILaunchScreen_Generation = YES;
				INFOPLIST_KEY_UISupportedInterfaceOrientations_iPad = "UIInterfaceOrientationPortrait UIInterfaceOrientationPortraitUpsideDown UIInterfaceOrientationLandscapeLeft UIInterfaceOrientationLandscapeRight";
				INFOPLIST_KEY_UISupportedInterfaceOrientations_iPhone = "UIInterfaceOrientationPortrait UIInterfaceOrientationLandscapeLeft UIInterfaceOrientationLandscapeRight";
				LD_RUNPATH_SEARCH_PATHS = (
					"$(inherited)",
					"@executable_path/Frameworks",
				);
				MARKETING_VERSION = 1.0;
				PRODUCT_BUNDLE_IDENTIFIER = com.beniaminonardone.Ealth;
				PRODUCT_NAME = "$(TARGET_NAME)";
				SWIFT_EMIT_LOC_STRINGS = YES;
				SWIFT_VERSION = 5.0;
				TARGETED_DEVICE_FAMILY = "1,2";
			};
			name = Release;
		};
		AB2EF1E62B08DDE200B9B7FC /* Debug */ = {
			isa = XCBuildConfiguration;
			buildSettings = {
				ALWAYS_EMBED_SWIFT_STANDARD_LIBRARIES = YES;
				BUNDLE_LOADER = "$(TEST_HOST)";
				CODE_SIGN_STYLE = Automatic;
				CURRENT_PROJECT_VERSION = 1;
				DEVELOPMENT_TEAM = 89H2482NSD;
				GENERATE_INFOPLIST_FILE = YES;
				IPHONEOS_DEPLOYMENT_TARGET = 17.0;
				MARKETING_VERSION = 1.0;
				PRODUCT_BUNDLE_IDENTIFIER = com.beniaminonardone.EalthTests;
				PRODUCT_NAME = "$(TARGET_NAME)";
				SWIFT_EMIT_LOC_STRINGS = NO;
				SWIFT_VERSION = 5.0;
				TARGETED_DEVICE_FAMILY = "1,2";
				TEST_HOST = "$(BUILT_PRODUCTS_DIR)/Ealth.app/$(BUNDLE_EXECUTABLE_FOLDER_PATH)/Ealth";
			};
			name = Debug;
		};
		AB2EF1E72B08DDE200B9B7FC /* Release */ = {
			isa = XCBuildConfiguration;
			buildSettings = {
				ALWAYS_EMBED_SWIFT_STANDARD_LIBRARIES = YES;
				BUNDLE_LOADER = "$(TEST_HOST)";
				CODE_SIGN_STYLE = Automatic;
				CURRENT_PROJECT_VERSION = 1;
				DEVELOPMENT_TEAM = 89H2482NSD;
				GENERATE_INFOPLIST_FILE = YES;
				IPHONEOS_DEPLOYMENT_TARGET = 17.0;
				MARKETING_VERSION = 1.0;
				PRODUCT_BUNDLE_IDENTIFIER = com.beniaminonardone.EalthTests;
				PRODUCT_NAME = "$(TARGET_NAME)";
				SWIFT_EMIT_LOC_STRINGS = NO;
				SWIFT_VERSION = 5.0;
				TARGETED_DEVICE_FAMILY = "1,2";
				TEST_HOST = "$(BUILT_PRODUCTS_DIR)/Ealth.app/$(BUNDLE_EXECUTABLE_FOLDER_PATH)/Ealth";
			};
			name = Release;
		};
		AB2EF1E92B08DDE200B9B7FC /* Debug */ = {
			isa = XCBuildConfiguration;
			buildSettings = {
				ALWAYS_EMBED_SWIFT_STANDARD_LIBRARIES = YES;
				CODE_SIGN_STYLE = Automatic;
				CURRENT_PROJECT_VERSION = 1;
				DEVELOPMENT_TEAM = 89H2482NSD;
				GENERATE_INFOPLIST_FILE = YES;
				MARKETING_VERSION = 1.0;
				PRODUCT_BUNDLE_IDENTIFIER = com.beniaminonardone.EalthUITests;
				PRODUCT_NAME = "$(TARGET_NAME)";
				SWIFT_EMIT_LOC_STRINGS = NO;
				SWIFT_VERSION = 5.0;
				TARGETED_DEVICE_FAMILY = "1,2";
				TEST_TARGET_NAME = Ealth;
			};
			name = Debug;
		};
		AB2EF1EA2B08DDE200B9B7FC /* Release */ = {
			isa = XCBuildConfiguration;
			buildSettings = {
				ALWAYS_EMBED_SWIFT_STANDARD_LIBRARIES = YES;
				CODE_SIGN_STYLE = Automatic;
				CURRENT_PROJECT_VERSION = 1;
				DEVELOPMENT_TEAM = 89H2482NSD;
				GENERATE_INFOPLIST_FILE = YES;
				MARKETING_VERSION = 1.0;
				PRODUCT_BUNDLE_IDENTIFIER = com.beniaminonardone.EalthUITests;
				PRODUCT_NAME = "$(TARGET_NAME)";
				SWIFT_EMIT_LOC_STRINGS = NO;
				SWIFT_VERSION = 5.0;
				TARGETED_DEVICE_FAMILY = "1,2";
				TEST_TARGET_NAME = Ealth;
			};
			name = Release;
		};
/* End XCBuildConfiguration section */

/* Begin XCConfigurationList section */
		AB2EF1B92B08DDE100B9B7FC /* Build configuration list for PBXProject "Ealth" */ = {
			isa = XCConfigurationList;
			buildConfigurations = (
				AB2EF1E02B08DDE200B9B7FC /* Debug */,
				AB2EF1E12B08DDE200B9B7FC /* Release */,
			);
			defaultConfigurationIsVisible = 0;
			defaultConfigurationName = Release;
		};
		AB2EF1E22B08DDE200B9B7FC /* Build configuration list for PBXNativeTarget "Ealth" */ = {
			isa = XCConfigurationList;
			buildConfigurations = (
				AB2EF1E32B08DDE200B9B7FC /* Debug */,
				AB2EF1E42B08DDE200B9B7FC /* Release */,
			);
			defaultConfigurationIsVisible = 0;
			defaultConfigurationName = Release;
		};
		AB2EF1E52B08DDE200B9B7FC /* Build configuration list for PBXNativeTarget "EalthTests" */ = {
			isa = XCConfigurationList;
			buildConfigurations = (
				AB2EF1E62B08DDE200B9B7FC /* Debug */,
				AB2EF1E72B08DDE200B9B7FC /* Release */,
			);
			defaultConfigurationIsVisible = 0;
			defaultConfigurationName = Release;
		};
		AB2EF1E82B08DDE200B9B7FC /* Build configuration list for PBXNativeTarget "EalthUITests" */ = {
			isa = XCConfigurationList;
			buildConfigurations = (
				AB2EF1E92B08DDE200B9B7FC /* Debug */,
				AB2EF1EA2B08DDE200B9B7FC /* Release */,
			);
			defaultConfigurationIsVisible = 0;
			defaultConfigurationName = Release;
		};
/* End XCConfigurationList section */
	};
	rootObject = AB2EF1B62B08DDE100B9B7FC /* Project object */;
}
